github.com/imfing/hextra v0.8.1 h1:HPeuyBTxaG7o2PHT9XRgFTVbCVGhJbZ0t7PjApA32F8=
github.com/imfing/hextra v0.8.1/go.mod h1:cEfel3lU/bSx7lTE/+uuR4GJaphyOyiwNR3PTqFTXpI=
github.com/imfing/hextra v0.8.2 h1:/IykSIAywgKfhKUBgAW+dCCjrJWJNny4jr9qvdXfch0=
github.com/imfing/hextra v0.8.2/go.mod h1:cEfel3lU/bSx7lTE/+uuR4GJaphyOyiwNR3PTqFTXpI=
github.com/imfing/hextra v0.9.4 h1:k1KEC2mtYbMVBMOYUYK5Yy8pNPpIH3u6pBTRyBSN6No=
github.com/imfing/hextra v0.9.4/go.mod h1:cEfel3lU/bSx7lTE/+uuR4GJaphyOyiwNR3PTqFTXpI=
github.com/imfing/hextra v0.11.1 h1:8pTc4ReYbzGTHAnyiebmlT3ijFfIXiGu1r7tM/UGjFI=
github.com/imfing/hextra v0.11.1/go.mod h1:cEfel3lU/bSx7lTE/+uuR4GJaphyOyiwNR3PTqFTXpI=
